
Microsoft Visual Studio Solution File, Format Version 12.00
# Visual Studio Version 17
VisualStudioVersion = 17.9.34701.34
MinimumVisualStudioVersion = 10.0.40219.1
Project("{2150E333-8FDC-42A3-9474-1A3956D46DE8}") = "Solution Items", "Solution Items", "{1489EA4A-3912-41D6-8655-597D224EEF6E}"
	ProjectSection(SolutionItems) = preProject
		.editorconfig = .editorconfig
		Directory.Build.props = Directory.Build.props
	EndProjectSection
EndProject
Project("{2150E333-8FDC-42A3-9474-1A3956D46DE8}") = "src", "src", "{B2DACA48-4335-4C4E-B890-1B96BEA9DAC6}"
EndProject
Project("{2150E333-8FDC-42A3-9474-1A3956D46DE8}") = "API", "API", "{FB742633-A63E-422B-8EF3-B168E8DC07E8}"
EndProject
Project("{2150E333-8FDC-42A3-9474-1A3956D46DE8}") = "Modules", "Modules", "{A1AC4679-C096-44E4-8492-0D3C8648B7F1}"
EndProject
Project("{2150E333-8FDC-42A3-9474-1A3956D46DE8}") = "Events", "Events", "{CA188C77-724D-48C0-8D8D-D69C584FE52E}"
EndProject
Project("{FAE04EC0-301F-11D3-BF4B-00C04F79EFBC}") = "Evently.Api", "src\API\Evently.Api\Evently.Api.csproj", "{0DCD142F-7F51-47ED-B936-2997652BD880}"
EndProject
Project("{E53339B2-1760-4266-BCC7-CA923CBCF16C}") = "docker-compose", "docker-compose.dcproj", "{1B2BECCC-DACE-4B71-A00D-A546710EE958}"
EndProject
Project("{FAE04EC0-301F-11D3-BF4B-00C04F79EFBC}") = "Evently.Modules.Events.Domain", "src\Modules\Events\Evently.Modules.Events.Domain\Evently.Modules.Events.Domain.csproj", "{823A0505-BF0B-47DE-8787-691950C69F0A}"
EndProject
Project("{FAE04EC0-301F-11D3-BF4B-00C04F79EFBC}") = "Evently.Modules.Events.Application", "src\Modules\Events\Evently.Modules.Events.Application\Evently.Modules.Events.Application.csproj", "{E686A778-07BA-4C8E-81BB-7DC77F4F9800}"
EndProject
Project("{FAE04EC0-301F-11D3-BF4B-00C04F79EFBC}") = "Evently.Modules.Events.Infrastructure", "src\Modules\Events\Evently.Modules.Events.Infrastructure\Evently.Modules.Events.Infrastructure.csproj", "{E6D3AB42-DA54-4254-BC6C-D6489D5FC87E}"
EndProject
Project("{FAE04EC0-301F-11D3-BF4B-00C04F79EFBC}") = "Evently.Modules.Events.Presentation", "src\Modules\Events\Evently.Modules.Events.Presentation\Evently.Modules.Events.Presentation.csproj", "{1A8529CC-D262-4586-ACC9-F02E8B346944}"
EndProject
Project("{2150E333-8FDC-42A3-9474-1A3956D46DE8}") = "Common", "Common", "{589E391C-27D6-41D9-854F-2A6A98E58951}"
EndProject
Project("{FAE04EC0-301F-11D3-BF4B-00C04F79EFBC}") = "Evently.Common.Application", "src\Common\Evently.Common.Application\Evently.Common.Application.csproj", "{1ECBE261-3ED2-47EC-A8A7-1E38116F428C}"
EndProject
Project("{FAE04EC0-301F-11D3-BF4B-00C04F79EFBC}") = "Evently.Common.Domain", "src\Common\Evently.Common.Domain\Evently.Common.Domain.csproj", "{F3EF2EEE-8465-472F-AD8D-0EB9812BBE39}"
EndProject
Project("{FAE04EC0-301F-11D3-BF4B-00C04F79EFBC}") = "Evently.Common.Infrastructure", "src\Common\Evently.Common.Infrastructure\Evently.Common.Infrastructure.csproj", "{5B6E1026-FF06-4B5E-91D0-797663538F62}"
EndProject
Project("{FAE04EC0-301F-11D3-BF4B-00C04F79EFBC}") = "Evently.Common.Presentation", "src\Common\Evently.Common.Presentation\Evently.Common.Presentation.csproj", "{DEA4F260-C807-4DFA-889B-EB05F26F2DC7}"
EndProject
Global
	GlobalSection(SolutionConfigurationPlatforms) = preSolution
		Debug|Any CPU = Debug|Any CPU
		Release|Any CPU = Release|Any CPU
	EndGlobalSection
	GlobalSection(ProjectConfigurationPlatforms) = postSolution
		{0DCD142F-7F51-47ED-B936-2997652BD880}.Debug|Any CPU.ActiveCfg = Debug|Any CPU
		{0DCD142F-7F51-47ED-B936-2997652BD880}.Debug|Any CPU.Build.0 = Debug|Any CPU
		{0DCD142F-7F51-47ED-B936-2997652BD880}.Release|Any CPU.ActiveCfg = Release|Any CPU
		{0DCD142F-7F51-47ED-B936-2997652BD880}.Release|Any CPU.Build.0 = Release|Any CPU
		{1B2BECCC-DACE-4B71-A00D-A546710EE958}.Debug|Any CPU.ActiveCfg = Debug|Any CPU
		{1B2BECCC-DACE-4B71-A00D-A546710EE958}.Debug|Any CPU.Build.0 = Debug|Any CPU
		{1B2BECCC-DACE-4B71-A00D-A546710EE958}.Release|Any CPU.ActiveCfg = Release|Any CPU
		{1B2BECCC-DACE-4B71-A00D-A546710EE958}.Release|Any CPU.Build.0 = Release|Any CPU
		{823A0505-BF0B-47DE-8787-691950C69F0A}.Debug|Any CPU.ActiveCfg = Debug|Any CPU
		{823A0505-BF0B-47DE-8787-691950C69F0A}.Debug|Any CPU.Build.0 = Debug|Any CPU
		{823A0505-BF0B-47DE-8787-691950C69F0A}.Release|Any CPU.ActiveCfg = Release|Any CPU
		{823A0505-BF0B-47DE-8787-691950C69F0A}.Release|Any CPU.Build.0 = Release|Any CPU
		{E686A778-07BA-4C8E-81BB-7DC77F4F9800}.Debug|Any CPU.ActiveCfg = Debug|Any CPU
		{E686A778-07BA-4C8E-81BB-7DC77F4F9800}.Debug|Any CPU.Build.0 = Debug|Any CPU
		{E686A778-07BA-4C8E-81BB-7DC77F4F9800}.Release|Any CPU.ActiveCfg = Release|Any CPU
		{E686A778-07BA-4C8E-81BB-7DC77F4F9800}.Release|Any CPU.Build.0 = Release|Any CPU
		{E6D3AB42-DA54-4254-BC6C-D6489D5FC87E}.Debug|Any CPU.ActiveCfg = Debug|Any CPU
		{E6D3AB42-DA54-4254-BC6C-D6489D5FC87E}.Debug|Any CPU.Build.0 = Debug|Any CPU
		{E6D3AB42-DA54-4254-BC6C-D6489D5FC87E}.Release|Any CPU.ActiveCfg = Release|Any CPU
		{E6D3AB42-DA54-4254-BC6C-D6489D5FC87E}.Release|Any CPU.Build.0 = Release|Any CPU
		{1A8529CC-D262-4586-ACC9-F02E8B346944}.Debug|Any CPU.ActiveCfg = Debug|Any CPU
		{1A8529CC-D262-4586-ACC9-F02E8B346944}.Debug|Any CPU.Build.0 = Debug|Any CPU
		{1A8529CC-D262-4586-ACC9-F02E8B346944}.Release|Any CPU.ActiveCfg = Release|Any CPU
		{1A8529CC-D262-4586-ACC9-F02E8B346944}.Release|Any CPU.Build.0 = Release|Any CPU
		{1ECBE261-3ED2-47EC-A8A7-1E38116F428C}.Debug|Any CPU.ActiveCfg = Debug|Any CPU
		{1ECBE261-3ED2-47EC-A8A7-1E38116F428C}.Debug|Any CPU.Build.0 = Debug|Any CPU
		{1ECBE261-3ED2-47EC-A8A7-1E38116F428C}.Release|Any CPU.ActiveCfg = Release|Any CPU
		{1ECBE261-3ED2-47EC-A8A7-1E38116F428C}.Release|Any CPU.Build.0 = Release|Any CPU
		{F3EF2EEE-8465-472F-AD8D-0EB9812BBE39}.Debug|Any CPU.ActiveCfg = Debug|Any CPU
		{F3EF2EEE-8465-472F-AD8D-0EB9812BBE39}.Debug|Any CPU.Build.0 = Debug|Any CPU
		{F3EF2EEE-8465-472F-AD8D-0EB9812BBE39}.Release|Any CPU.ActiveCfg = Release|Any CPU
		{F3EF2EEE-8465-472F-AD8D-0EB9812BBE39}.Release|Any CPU.Build.0 = Release|Any CPU
		{5B6E1026-FF06-4B5E-91D0-797663538F62}.Debug|Any CPU.ActiveCfg = Debug|Any CPU
		{5B6E1026-FF06-4B5E-91D0-797663538F62}.Debug|Any CPU.Build.0 = Debug|Any CPU
		{5B6E1026-FF06-4B5E-91D0-797663538F62}.Release|Any CPU.ActiveCfg = Release|Any CPU
		{5B6E1026-FF06-4B5E-91D0-797663538F62}.Release|Any CPU.Build.0 = Release|Any CPU
		{DEA4F260-C807-4DFA-889B-EB05F26F2DC7}.Debug|Any CPU.ActiveCfg = Debug|Any CPU
		{DEA4F260-C807-4DFA-889B-EB05F26F2DC7}.Debug|Any CPU.Build.0 = Debug|Any CPU
		{DEA4F260-C807-4DFA-889B-EB05F26F2DC7}.Release|Any CPU.ActiveCfg = Release|Any CPU
		{DEA4F260-C807-4DFA-889B-EB05F26F2DC7}.Release|Any CPU.Build.0 = Release|Any CPU
	EndGlobalSection
	GlobalSection(SolutionProperties) = preSolution
		HideSolutionNode = FALSE
	EndGlobalSection
	GlobalSection(NestedProjects) = preSolution
		{FB742633-A63E-422B-8EF3-B168E8DC07E8} = {B2DACA48-4335-4C4E-B890-1B96BEA9DAC6}
		{A1AC4679-C096-44E4-8492-0D3C8648B7F1} = {B2DACA48-4335-4C4E-B890-1B96BEA9DAC6}
		{CA188C77-724D-48C0-8D8D-D69C584FE52E} = {A1AC4679-C096-44E4-8492-0D3C8648B7F1}
		{0DCD142F-7F51-47ED-B936-2997652BD880} = {FB742633-A63E-422B-8EF3-B168E8DC07E8}
		{823A0505-BF0B-47DE-8787-691950C69F0A} = {CA188C77-724D-48C0-8D8D-D69C584FE52E}
		{E686A778-07BA-4C8E-81BB-7DC77F4F9800} = {CA188C77-724D-48C0-8D8D-D69C584FE52E}
		{E6D3AB42-DA54-4254-BC6C-D6489D5FC87E} = {CA188C77-724D-48C0-8D8D-D69C584FE52E}
		{1A8529CC-D262-4586-ACC9-F02E8B346944} = {CA188C77-724D-48C0-8D8D-D69C584FE52E}
		{589E391C-27D6-41D9-854F-2A6A98E58951} = {B2DACA48-4335-4C4E-B890-1B96BEA9DAC6}
		{1ECBE261-3ED2-47EC-A8A7-1E38116F428C} = {589E391C-27D6-41D9-854F-2A6A98E58951}
		{F3EF2EEE-8465-472F-AD8D-0EB9812BBE39} = {589E391C-27D6-41D9-854F-2A6A98E58951}
		{5B6E1026-FF06-4B5E-91D0-797663538F62} = {589E391C-27D6-41D9-854F-2A6A98E58951}
		{DEA4F260-C807-4DFA-889B-EB05F26F2DC7} = {589E391C-27D6-41D9-854F-2A6A98E58951}
	EndGlobalSection
	GlobalSection(ExtensibilityGlobals) = postSolution
		SolutionGuid = {1E42AE86-7F3C-45F4-A386-AB71CC4446CB}
	EndGlobalSection
EndGlobal
